
Microsoft Visual Studio Solution File, Format Version 12.00
# Visual Studio 15
VisualStudioVersion = 15.0.28307.329
MinimumVisualStudioVersion = 10.0.40219.1
Project("{FAE04EC0-301F-11D3-BF4B-00C04F79EFBC}") = "OnlineStore", "OnlineStore\OnlineStore.csproj", "{FC157EC6-DFD7-4FB8-9917-D1D26E980135}"
EndProject
Project("{FAE04EC0-301F-11D3-BF4B-00C04F79EFBC}") = "XUnitTestProject1", "XUnitTestProject1\XUnitTestProject1.csproj", "{7784EC1B-9539-4DB0-B0A1-4C3E0ACEA1A7}"
EndProject
Global
	GlobalSection(SolutionConfigurationPlatforms) = preSolution
		Debug|Any CPU = Debug|Any CPU
		Release|Any CPU = Release|Any CPU
	EndGlobalSection
	GlobalSection(ProjectConfigurationPlatforms) = postSolution
		{FC157EC6-DFD7-4FB8-9917-D1D26E980135}.Debug|Any CPU.ActiveCfg = Debug|Any CPU
		{FC157EC6-DFD7-4FB8-9917-D1D26E980135}.Debug|Any CPU.Build.0 = Debug|Any CPU
		{FC157EC6-DFD7-4FB8-9917-D1D26E980135}.Release|Any CPU.ActiveCfg = Release|Any CPU
		{FC157EC6-DFD7-4FB8-9917-D1D26E980135}.Release|Any CPU.Build.0 = Release|Any CPU
		{7784EC1B-9539-4DB0-B0A1-4C3E0ACEA1A7}.Debug|Any CPU.ActiveCfg = Debug|Any CPU
		{7784EC1B-9539-4DB0-B0A1-4C3E0ACEA1A7}.Debug|Any CPU.Build.0 = Debug|Any CPU
		{7784EC1B-9539-4DB0-B0A1-4C3E0ACEA1A7}.Release|Any CPU.ActiveCfg = Release|Any CPU
		{7784EC1B-9539-4DB0-B0A1-4C3E0ACEA1A7}.Release|Any CPU.Build.0 = Release|Any CPU
	EndGlobalSection
	GlobalSection(SolutionProperties) = preSolution
		HideSolutionNode = FALSE
	EndGlobalSection
	GlobalSection(ExtensibilityGlobals) = postSolution
		SolutionGuid = {29CDBC60-3A8A-4B04-8FAC-4E042B88659E}
	EndGlobalSection
EndGlobal
